// !$*UTF8*$!
{
	archiveVersion = 1;
	classes = {
	};
	objectVersion = 50;
	objects = {

/* Begin PBXBuildFile section */
		2D5139B8222AE5DB00AB5647 /* AppDelegate.swift in Sources */ = {isa = PBXBuildFile; fileRef = 2D5139B7222AE5DA00AB5647 /* AppDelegate.swift */; };
		2D5139BA222AE5DB00AB5647 /* ViewController.swift in Sources */ = {isa = PBXBuildFile; fileRef = 2D5139B9222AE5DB00AB5647 /* ViewController.swift */; };
		2D5139BD222AE5DB00AB5647 /* Main.storyboard in Resources */ = {isa = PBXBuildFile; fileRef = 2D5139BB222AE5DB00AB5647 /* Main.storyboard */; };
		2D5139BF222AE5DD00AB5647 /* Assets.xcassets in Resources */ = {isa = PBXBuildFile; fileRef = 2D5139BE222AE5DD00AB5647 /* Assets.xcassets */; };
		2D5139C2222AE5DD00AB5647 /* LaunchScreen.storyboard in Resources */ = {isa = PBXBuildFile; fileRef = 2D5139C0222AE5DD00AB5647 /* LaunchScreen.storyboard */; };
		2D5139CA222AF27C00AB5647 /* PreviewViewController.swift in Sources */ = {isa = PBXBuildFile; fileRef = 2D5139C9222AF27C00AB5647 /* PreviewViewController.swift */; };
		6043A6342234B1D2000B0B59 /* icons8-unchecked-checkbox-filled-500 (2).png in Resources */ = {isa = PBXBuildFile; fileRef = 6043A6332234B1D2000B0B59 /* icons8-unchecked-checkbox-filled-500 (2).png */; };
		6067E0CD22311BA2003FB4EF /* ViewControllerScanner.swift in Sources */ = {isa = PBXBuildFile; fileRef = 6067E0CC22311BA2003FB4EF /* ViewControllerScanner.swift */; };
		6067E0CF22312188003FB4EF /* ViewControllerVehicle.swift in Sources */ = {isa = PBXBuildFile; fileRef = 6067E0CE22312188003FB4EF /* ViewControllerVehicle.swift */; };
		60AFD2992232789B00568A31 /* Model.xcdatamodeld in Sources */ = {isa = PBXBuildFile; fileRef = 60AFD2972232789B00568A31 /* Model.xcdatamodeld */; };
		60AFD29B223283D200568A31 /* ViewControllerTableView.swift in Sources */ = {isa = PBXBuildFile; fileRef = 60AFD29A223283D200568A31 /* ViewControllerTableView.swift */; };
		60AFD29F2232992200568A31 /* TableCell.swift in Sources */ = {isa = PBXBuildFile; fileRef = 60AFD29E2232992200568A31 /* TableCell.swift */; };
		60AFD2A52233B2F700568A31 /* icons8-refresh-barcode-80.png in Resources */ = {isa = PBXBuildFile; fileRef = 60AFD2A42233B2F700568A31 /* icons8-refresh-barcode-80.png */; };
		60AFD2A92233B76C00568A31 /* icons8-screenshot-96 (2).png in Resources */ = {isa = PBXBuildFile; fileRef = 60AFD2A82233B76C00568A31 /* icons8-screenshot-96 (2).png */; };
		60AFD2AD2233C1A900568A31 /* icons8-ios-application-placeholder-500.png in Resources */ = {isa = PBXBuildFile; fileRef = 60AFD2AC2233C1A900568A31 /* icons8-ios-application-placeholder-500.png */; };
/* End PBXBuildFile section */

/* Begin PBXFileReference section */
		2D5139B4222AE5DA00AB5647 /* AuctionCamera.app */ = {isa = PBXFileReference; explicitFileType = wrapper.application; includeInIndex = 0; path = AuctionCamera.app; sourceTree = BUILT_PRODUCTS_DIR; };
		2D5139B7222AE5DA00AB5647 /* AppDelegate.swift */ = {isa = PBXFileReference; lastKnownFileType = sourcecode.swift; path = AppDelegate.swift; sourceTree = "<group>"; };
		2D5139B9222AE5DB00AB5647 /* ViewController.swift */ = {isa = PBXFileReference; lastKnownFileType = sourcecode.swift; path = ViewController.swift; sourceTree = "<group>"; };
		2D5139BC222AE5DB00AB5647 /* Base */ = {isa = PBXFileReference; lastKnownFileType = file.storyboard; name = Base; path = Base.lproj/Main.storyboard; sourceTree = "<group>"; };
		2D5139BE222AE5DD00AB5647 /* Assets.xcassets */ = {isa = PBXFileReference; lastKnownFileType = folder.assetcatalog; path = Assets.xcassets; sourceTree = "<group>"; };
		2D5139C1222AE5DD00AB5647 /* Base */ = {isa = PBXFileReference; lastKnownFileType = file.storyboard; name = Base; path = Base.lproj/LaunchScreen.storyboard; sourceTree = "<group>"; };
		2D5139C3222AE5DD00AB5647 /* Info.plist */ = {isa = PBXFileReference; lastKnownFileType = text.plist.xml; path = Info.plist; sourceTree = "<group>"; };
		2D5139C9222AF27C00AB5647 /* PreviewViewController.swift */ = {isa = PBXFileReference; lastKnownFileType = sourcecode.swift; path = PreviewViewController.swift; sourceTree = "<group>"; };
		6043A6332234B1D2000B0B59 /* icons8-unchecked-checkbox-filled-500 (2).png */ = {isa = PBXFileReference; lastKnownFileType = image.png; name = "icons8-unchecked-checkbox-filled-500 (2).png"; path = "../../../Downloads/icons8-unchecked-checkbox-filled-500 (2).png"; sourceTree = "<group>"; };
		6067E0CC22311BA2003FB4EF /* ViewControllerScanner.swift */ = {isa = PBXFileReference; lastKnownFileType = sourcecode.swift; path = ViewControllerScanner.swift; sourceTree = "<group>"; };
		6067E0CE22312188003FB4EF /* ViewControllerVehicle.swift */ = {isa = PBXFileReference; lastKnownFileType = sourcecode.swift; path = ViewControllerVehicle.swift; sourceTree = "<group>"; };
		60AFD2982232789B00568A31 /* Model.xcdatamodel */ = {isa = PBXFileReference; lastKnownFileType = wrapper.xcdatamodel; path = Model.xcdatamodel; sourceTree = "<group>"; };
		60AFD29A223283D200568A31 /* ViewControllerTableView.swift */ = {isa = PBXFileReference; lastKnownFileType = sourcecode.swift; path = ViewControllerTableView.swift; sourceTree = "<group>"; };
		60AFD29E2232992200568A31 /* TableCell.swift */ = {isa = PBXFileReference; lastKnownFileType = sourcecode.swift; path = TableCell.swift; sourceTree = "<group>"; };
		60AFD2A42233B2F700568A31 /* icons8-refresh-barcode-80.png */ = {isa = PBXFileReference; lastKnownFileType = image.png; name = "icons8-refresh-barcode-80.png"; path = "../../../Downloads/icons8-refresh-barcode-80.png"; sourceTree = "<group>"; };
		60AFD2A82233B76C00568A31 /* icons8-screenshot-96 (2).png */ = {isa = PBXFileReference; lastKnownFileType = image.png; name = "icons8-screenshot-96 (2).png"; path = "../../../Downloads/icons8-screenshot-96 (2).png"; sourceTree = "<group>"; };
		60AFD2AC2233C1A900568A31 /* icons8-ios-application-placeholder-500.png */ = {isa = PBXFileReference; lastKnownFileType = image.png; name = "icons8-ios-application-placeholder-500.png"; path = "../../../Downloads/icons8-ios-application-placeholder-500.png"; sourceTree = "<group>"; };
/* End PBXFileReference section */

/* Begin PBXFrameworksBuildPhase section */
		2D5139B1222AE5DA00AB5647 /* Frameworks */ = {
			isa = PBXFrameworksBuildPhase;
			buildActionMask = 2147483647;
			files = (
			);
			runOnlyForDeploymentPostprocessing = 0;
		};
/* End PBXFrameworksBuildPhase section */

/* Begin PBXGroup section */
		2D5139AB222AE5DA00AB5647 = {
			isa = PBXGroup;
			children = (
				2D5139B6222AE5DA00AB5647 /* AuctionCamera */,
				2D5139B5222AE5DA00AB5647 /* Products */,
			);
			sourceTree = "<group>";
		};
		2D5139B5222AE5DA00AB5647 /* Products */ = {
			isa = PBXGroup;
			children = (
				2D5139B4222AE5DA00AB5647 /* AuctionCamera.app */,
			);
			name = Products;
			sourceTree = "<group>";
		};
		2D5139B6222AE5DA00AB5647 /* AuctionCamera */ = {
			isa = PBXGroup;
			children = (
				2D5139B7222AE5DA00AB5647 /* AppDelegate.swift */,
				60AFD2A82233B76C00568A31 /* icons8-screenshot-96 (2).png */,
				2D5139B9222AE5DB00AB5647 /* ViewController.swift */,
				60AFD2AC2233C1A900568A31 /* icons8-ios-application-placeholder-500.png */,
				6067E0CC22311BA2003FB4EF /* ViewControllerScanner.swift */,
				6067E0CE22312188003FB4EF /* ViewControllerVehicle.swift */,
				60AFD29A223283D200568A31 /* ViewControllerTableView.swift */,
				2D5139C9222AF27C00AB5647 /* PreviewViewController.swift */,
				2D5139BB222AE5DB00AB5647 /* Main.storyboard */,
				2D5139BE222AE5DD00AB5647 /* Assets.xcassets */,
				6043A6332234B1D2000B0B59 /* icons8-unchecked-checkbox-filled-500 (2).png */,
				2D5139C0222AE5DD00AB5647 /* LaunchScreen.storyboard */,
				60AFD2A42233B2F700568A31 /* icons8-refresh-barcode-80.png */,
				2D5139C3222AE5DD00AB5647 /* Info.plist */,
				60AFD2972232789B00568A31 /* Model.xcdatamodeld */,
				60AFD29E2232992200568A31 /* TableCell.swift */,
			);
			path = AuctionCamera;
			sourceTree = "<group>";
		};
/* End PBXGroup section */

/* Begin PBXNativeTarget section */
		2D5139B3222AE5DA00AB5647 /* AuctionCamera */ = {
			isa = PBXNativeTarget;
			buildConfigurationList = 2D5139C6222AE5DD00AB5647 /* Build configuration list for PBXNativeTarget "AuctionCamera" */;
			buildPhases = (
				2D5139B0222AE5DA00AB5647 /* Sources */,
				2D5139B1222AE5DA00AB5647 /* Frameworks */,
				2D5139B2222AE5DA00AB5647 /* Resources */,
			);
			buildRules = (
			);
			dependencies = (
			);
			name = AuctionCamera;
			productName = AuctionCamera;
			productReference = 2D5139B4222AE5DA00AB5647 /* AuctionCamera.app */;
			productType = "com.apple.product-type.application";
		};
/* End PBXNativeTarget section */

/* Begin PBXProject section */
		2D5139AC222AE5DA00AB5647 /* Project object */ = {
			isa = PBXProject;
			attributes = {
				LastSwiftUpdateCheck = 1010;
				LastUpgradeCheck = 1010;
				ORGANIZATIONNAME = "Matthew Sansoucie";
				TargetAttributes = {
					2D5139B3222AE5DA00AB5647 = {
						CreatedOnToolsVersion = 10.1;
					};
				};
			};
			buildConfigurationList = 2D5139AF222AE5DA00AB5647 /* Build configuration list for PBXProject "AuctionCamera" */;
			compatibilityVersion = "Xcode 9.3";
			developmentRegion = en;
			hasScannedForEncodings = 0;
			knownRegions = (
				en,
				Base,
			);
			mainGroup = 2D5139AB222AE5DA00AB5647;
			productRefGroup = 2D5139B5222AE5DA00AB5647 /* Products */;
			projectDirPath = "";
			projectRoot = "";
			targets = (
				2D5139B3222AE5DA00AB5647 /* AuctionCamera */,
			);
		};
/* End PBXProject section */

/* Begin PBXResourcesBuildPhase section */
		2D5139B2222AE5DA00AB5647 /* Resources */ = {
			isa = PBXResourcesBuildPhase;
			buildActionMask = 2147483647;
			files = (
				60AFD2A52233B2F700568A31 /* icons8-refresh-barcode-80.png in Resources */,
				2D5139C2222AE5DD00AB5647 /* LaunchScreen.storyboard in Resources */,
				2D5139BF222AE5DD00AB5647 /* Assets.xcassets in Resources */,
				60AFD2A92233B76C00568A31 /* icons8-screenshot-96 (2).png in Resources */,
				2D5139BD222AE5DB00AB5647 /* Main.storyboard in Resources */,
				60AFD2AD2233C1A900568A31 /* icons8-ios-application-placeholder-500.png in Resources */,
				6043A6342234B1D2000B0B59 /* icons8-unchecked-checkbox-filled-500 (2).png in Resources */,
			);
			runOnlyForDeploymentPostprocessing = 0;
		};
/* End PBXResourcesBuildPhase section */

/* Begin PBXSourcesBuildPhase section */
		2D5139B0222AE5DA00AB5647 /* Sources */ = {
			isa = PBXSourcesBuildPhase;
			buildActionMask = 2147483647;
			files = (
				2D5139BA222AE5DB00AB5647 /* ViewController.swift in Sources */,
				2D5139CA222AF27C00AB5647 /* PreviewViewController.swift in Sources */,
				60AFD29F2232992200568A31 /* TableCell.swift in Sources */,
				2D5139B8222AE5DB00AB5647 /* AppDelegate.swift in Sources */,
				6067E0CD22311BA2003FB4EF /* ViewControllerScanner.swift in Sources */,
				6067E0CF22312188003FB4EF /* ViewControllerVehicle.swift in Sources */,
				60AFD2992232789B00568A31 /* Model.xcdatamodeld in Sources */,
				60AFD29B223283D200568A31 /* ViewControllerTableView.swift in Sources */,
			);
			runOnlyForDeploymentPostprocessing = 0;
		};
/* End PBXSourcesBuildPhase section */

/* Begin PBXVariantGroup section */
		2D5139BB222AE5DB00AB5647 /* Main.storyboard */ = {
			isa = PBXVariantGroup;
			children = (
				2D5139BC222AE5DB00AB5647 /* Base */,
			);
			name = Main.storyboard;
			sourceTree = "<group>";
		};
		2D5139C0222AE5DD00AB5647 /* LaunchScreen.storyboard */ = {
			isa = PBXVariantGroup;
			children = (
				2D5139C1222AE5DD00AB5647 /* Base */,
			);
			name = LaunchScreen.storyboard;
			sourceTree = "<group>";
		};
/* End PBXVariantGroup section */

/* Begin XCBuildConfiguration section */
		2D5139C4222AE5DD00AB5647 /* Debug */ = {
			isa = XCBuildConfiguration;
			buildSettings = {
				ALWAYS_SEARCH_USER_PATHS = NO;
				CLANG_ANALYZER_NONNULL = YES;
				CLANG_ANALYZER_NUMBER_OBJECT_CONVERSION = YES_AGGRESSIVE;
				CLANG_CXX_LANGUAGE_STANDARD = "gnu++14";
				CLANG_CXX_LIBRARY = "libc++";
				CLANG_ENABLE_MODULES = YES;
				CLANG_ENABLE_OBJC_ARC = YES;
				CLANG_ENABLE_OBJC_WEAK = YES;
				CLANG_WARN_BLOCK_CAPTURE_AUTORELEASING = YES;
				CLANG_WARN_BOOL_CONVERSION = YES;
				CLANG_WARN_COMMA = YES;
				CLANG_WARN_CONSTANT_CONVERSION = YES;
				CLANG_WARN_DEPRECATED_OBJC_IMPLEMENTATIONS = YES;
				CLANG_WARN_DIRECT_OBJC_ISA_USAGE = YES_ERROR;
				CLANG_WARN_DOCUMENTATION_COMMENTS = YES;
				CLANG_WARN_EMPTY_BODY = YES;
				CLANG_WARN_ENUM_CONVERSION = YES;
				CLANG_WARN_INFINITE_RECURSION = YES;
				CLANG_WARN_INT_CONVERSION = YES;
				CLANG_WARN_NON_LITERAL_NULL_CONVERSION = YES;
				CLANG_WARN_OBJC_IMPLICIT_RETAIN_SELF = YES;
				CLANG_WARN_OBJC_LITERAL_CONVERSION = YES;
				CLANG_WARN_OBJC_ROOT_CLASS = YES_ERROR;
				CLANG_WARN_RANGE_LOOP_ANALYSIS = YES;
				CLANG_WARN_STRICT_PROTOTYPES = YES;
				CLANG_WARN_SUSPICIOUS_MOVE = YES;
				CLANG_WARN_UNGUARDED_AVAILABILITY = YES_AGGRESSIVE;
				CLANG_WARN_UNREACHABLE_CODE = YES;
				CLANG_WARN__DUPLICATE_METHOD_MATCH = YES;
				CODE_SIGN_IDENTITY = "iPhone Developer";
				COPY_PHASE_STRIP = NO;
				DEBUG_INFORMATION_FORMAT = dwarf;
				ENABLE_STRICT_OBJC_MSGSEND = YES;
				ENABLE_TESTABILITY = YES;
				GCC_C_LANGUAGE_STANDARD = gnu11;
				GCC_DYNAMIC_NO_PIC = NO;
				GCC_NO_COMMON_BLOCKS = YES;
				GCC_OPTIMIZATION_LEVEL = 0;
				GCC_PREPROCESSOR_DEFINITIONS = (
					"DEBUG=1",
					"$(inherited)",
				);
				GCC_WARN_64_TO_32_BIT_CONVERSION = YES;
				GCC_WARN_ABOUT_RETURN_TYPE = YES_ERROR;
				GCC_WARN_UNDECLARED_SELECTOR = YES;
				GCC_WARN_UNINITIALIZED_AUTOS = YES_AGGRESSIVE;
				GCC_WARN_UNUSED_FUNCTION = YES;
				GCC_WARN_UNUSED_VARIABLE = YES;
				IPHONEOS_DEPLOYMENT_TARGET = 12.1;
				MTL_ENABLE_DEBUG_INFO = INCLUDE_SOURCE;
				MTL_FAST_MATH = YES;
				ONLY_ACTIVE_ARCH = YES;
				SDKROOT = iphoneos;
				SWIFT_ACTIVE_COMPILATION_CONDITIONS = DEBUG;
				SWIFT_OPTIMIZATION_LEVEL = "-Onone";
			};
			name = Debug;
		};
		2D5139C5222AE5DD00AB5647 /* Release */ = {
			isa = XCBuildConfiguration;
			buildSettings = {
				ALWAYS_SEARCH_USER_PATHS = NO;
				CLANG_ANALYZER_NONNULL = YES;
				CLANG_ANALYZER_NUMBER_OBJECT_CONVERSION = YES_AGGRESSIVE;
				CLANG_CXX_LANGUAGE_STANDARD = "gnu++14";
				CLANG_CXX_LIBRARY = "libc++";
				CLANG_ENABLE_MODULES = YES;
				CLANG_ENABLE_OBJC_ARC = YES;
				CLANG_ENABLE_OBJC_WEAK = YES;
				CLANG_WARN_BLOCK_CAPTURE_AUTORELEASING = YES;
				CLANG_WARN_BOOL_CONVERSION = YES;
				CLANG_WARN_COMMA = YES;
				CLANG_WARN_CONSTANT_CONVERSION = YES;
				CLANG_WARN_DEPRECATED_OBJC_IMPLEMENTATIONS = YES;
				CLANG_WARN_DIRECT_OBJC_ISA_USAGE = YES_ERROR;
				CLANG_WARN_DOCUMENTATION_COMMENTS = YES;
				CLANG_WARN_EMPTY_BODY = YES;
				CLANG_WARN_ENUM_CONVERSION = YES;
				CLANG_WARN_INFINITE_RECURSION = YES;
				CLANG_WARN_INT_CONVERSION = YES;
				CLANG_WARN_NON_LITERAL_NULL_CONVERSION = YES;
				CLANG_WARN_OBJC_IMPLICIT_RETAIN_SELF = YES;
				CLANG_WARN_OBJC_LITERAL_CONVERSION = YES;
				CLANG_WARN_OBJC_ROOT_CLASS = YES_ERROR;
				CLANG_WARN_RANGE_LOOP_ANALYSIS = YES;
				CLANG_WARN_STRICT_PROTOTYPES = YES;
				CLANG_WARN_SUSPICIOUS_MOVE = YES;
				CLANG_WARN_UNGUARDED_AVAILABILITY = YES_AGGRESSIVE;
				CLANG_WARN_UNREACHABLE_CODE = YES;
				CLANG_WARN__DUPLICATE_METHOD_MATCH = YES;
				CODE_SIGN_IDENTITY = "iPhone Developer";
				COPY_PHASE_STRIP = NO;
				DEBUG_INFORMATION_FORMAT = "dwarf-with-dsym";
				ENABLE_NS_ASSERTIONS = NO;
				ENABLE_STRICT_OBJC_MSGSEND = YES;
				GCC_C_LANGUAGE_STANDARD = gnu11;
				GCC_NO_COMMON_BLOCKS = YES;
				GCC_WARN_64_TO_32_BIT_CONVERSION = YES;
				GCC_WARN_ABOUT_RETURN_TYPE = YES_ERROR;
				GCC_WARN_UNDECLARED_SELECTOR = YES;
				GCC_WARN_UNINITIALIZED_AUTOS = YES_AGGRESSIVE;
				GCC_WARN_UNUSED_FUNCTION = YES;
				GCC_WARN_UNUSED_VARIABLE = YES;
				IPHONEOS_DEPLOYMENT_TARGET = 12.1;
				MTL_ENABLE_DEBUG_INFO = NO;
				MTL_FAST_MATH = YES;
				SDKROOT = iphoneos;
				SWIFT_COMPILATION_MODE = wholemodule;
				SWIFT_OPTIMIZATION_LEVEL = "-O";
				VALIDATE_PRODUCT = YES;
			};
			name = Release;
		};
		2D5139C7222AE5DD00AB5647 /* Debug */ = {
			isa = XCBuildConfiguration;
			buildSettings = {
				ASSETCATALOG_COMPILER_APPICON_NAME = AppIcon;
				CODE_SIGN_STYLE = Automatic;
				DEVELOPMENT_TEAM = A57P7D522J;
				INFOPLIST_FILE = AuctionCamera/Info.plist;
				IPHONEOS_DEPLOYMENT_TARGET = 12.0;
				LD_RUNPATH_SEARCH_PATHS = (
					"$(inherited)",
					"@executable_path/Frameworks",
				);
				PRODUCT_BUNDLE_IDENTIFIER = matt.AuctionCamera;
				PRODUCT_NAME = "$(TARGET_NAME)";
				SWIFT_VERSION = 4.2;
				TARGETED_DEVICE_FAMILY = "1,2";
			};
			name = Debug;
		};
		2D5139C8222AE5DD00AB5647 /* Release */ = {
			isa = XCBuildConfiguration;
			buildSettings = {
				ASSETCATALOG_COMPILER_APPICON_NAME = AppIcon;
				CODE_SIGN_STYLE = Automatic;
				DEVELOPMENT_TEAM = A57P7D522J;
				INFOPLIST_FILE = AuctionCamera/Info.plist;
				IPHONEOS_DEPLOYMENT_TARGET = 12.0;
				LD_RUNPATH_SEARCH_PATHS = (
					"$(inherited)",
					"@executable_path/Frameworks",
				);
				PRODUCT_BUNDLE_IDENTIFIER = matt.AuctionCamera;
				PRODUCT_NAME = "$(TARGET_NAME)";
				SWIFT_VERSION = 4.2;
				TARGETED_DEVICE_FAMILY = "1,2";
			};
			name = Release;
		};
/* End XCBuildConfiguration section */

/* Begin XCConfigurationList section */
		2D5139AF222AE5DA00AB5647 /* Build configuration list for PBXProject "AuctionCamera" */ = {
			isa = XCConfigurationList;
			buildConfigurations = (
				2D5139C4222AE5DD00AB5647 /* Debug */,
				2D5139C5222AE5DD00AB5647 /* Release */,
			);
			defaultConfigurationIsVisible = 0;
			defaultConfigurationName = Release;
		};
		2D5139C6222AE5DD00AB5647 /* Build configuration list for PBXNativeTarget "AuctionCamera" */ = {
			isa = XCConfigurationList;
			buildConfigurations = (
				2D5139C7222AE5DD00AB5647 /* Debug */,
				2D5139C8222AE5DD00AB5647 /* Release */,
			);
			defaultConfigurationIsVisible = 0;
			defaultConfigurationName = Release;
		};
/* End XCConfigurationList section */

/* Begin XCVersionGroup section */
		60AFD2972232789B00568A31 /* Model.xcdatamodeld */ = {
			isa = XCVersionGroup;
			children = (
				60AFD2982232789B00568A31 /* Model.xcdatamodel */,
			);
			currentVersion = 60AFD2982232789B00568A31 /* Model.xcdatamodel */;
			path = Model.xcdatamodeld;
			sourceTree = "<group>";
			versionGroupType = wrapper.xcdatamodel;
		};
/* End XCVersionGroup section */
	};
	rootObject = 2D5139AC222AE5DA00AB5647 /* Project object */;
}
